
Microsoft Visual Studio Solution File, Format Version 12.00
# Visual Studio Version 17
VisualStudioVersion = 17.6.33723.286
MinimumVisualStudioVersion = 10.0.40219.1
Project("{FAE04EC0-301F-11D3-BF4B-00C04F79EFBC}") = "Assignment2", "Assignment2\Assignment2.csproj", "{054107E5-54E3-4527-87A9-479930478C77}"
EndProject
Global
	GlobalSection(SolutionConfigurationPlatforms) = preSolution
		Debug|Any CPU = Debug|Any CPU
		Release|Any CPU = Release|Any CPU
	EndGlobalSection
	GlobalSection(ProjectConfigurationPlatforms) = postSolution
		{054107E5-54E3-4527-87A9-479930478C77}.Debug|Any CPU.ActiveCfg = Debug|Any CPU
		{054107E5-54E3-4527-87A9-479930478C77}.Debug|Any CPU.Build.0 = Debug|Any CPU
		{054107E5-54E3-4527-87A9-479930478C77}.Release|Any CPU.ActiveCfg = Release|Any CPU
		{054107E5-54E3-4527-87A9-479930478C77}.Release|Any CPU.Build.0 = Release|Any CPU
	EndGlobalSection
	GlobalSection(SolutionProperties) = preSolution
		HideSolutionNode = FALSE
	EndGlobalSection
	GlobalSection(ExtensibilityGlobals) = postSolution
		SolutionGuid = {AAF1E426-2456-4BE0-8EC6-8137F0425535}
	EndGlobalSection
EndGlobal
